
Microsoft Visual Studio Solution File, Format Version 12.00
# Visual Studio Version 17
VisualStudioVersion = 17.13.35919.96 d17.13
MinimumVisualStudioVersion = 10.0.40219.1
Project("{FAE04EC0-301F-11D3-BF4B-00C04F79EFBC}") = "ApiWeb1", "ApiWeb1\ApiWeb1.csproj", "{C0BA8980-C25D-4CD4-A926-43CDC5ECD676}"
EndProject
Global
	GlobalSection(SolutionConfigurationPlatforms) = preSolution
		Debug|Any CPU = Debug|Any CPU
		Release|Any CPU = Release|Any CPU
	EndGlobalSection
	GlobalSection(ProjectConfigurationPlatforms) = postSolution
		{C0BA8980-C25D-4CD4-A926-43CDC5ECD676}.Debug|Any CPU.ActiveCfg = Debug|Any CPU
		{C0BA8980-C25D-4CD4-A926-43CDC5ECD676}.Debug|Any CPU.Build.0 = Debug|Any CPU
		{C0BA8980-C25D-4CD4-A926-43CDC5ECD676}.Release|Any CPU.ActiveCfg = Release|Any CPU
		{C0BA8980-C25D-4CD4-A926-43CDC5ECD676}.Release|Any CPU.Build.0 = Release|Any CPU
	EndGlobalSection
	GlobalSection(SolutionProperties) = preSolution
		HideSolutionNode = FALSE
	EndGlobalSection
	GlobalSection(ExtensibilityGlobals) = postSolution
		SolutionGuid = {D0FC1798-73B4-4E65-9C86-71893A00A435}
	EndGlobalSection
EndGlobal
